
Microsoft Visual Studio Solution File, Format Version 12.00
# Visual Studio Version 17
VisualStudioVersion = 17.9.34607.119
MinimumVisualStudioVersion = 10.0.40219.1
Project("{FAE04EC0-301F-11D3-BF4B-00C04F79EFBC}") = "eUseControl.Web", "eUseControl.Web\eUseControl.Web.csproj", "{3E3E0CA6-595B-4284-8821-58317A7E2C82}"
EndProject
Project("{FAE04EC0-301F-11D3-BF4B-00C04F79EFBC}") = "eUseControl.BusinessLogic", "eUseControl.BusinessLogic\eUseControl.BusinessLogic.csproj", "{0B8DCD6A-AD73-4A61-A3BF-9D71A028FB25}"
EndProject
Project("{FAE04EC0-301F-11D3-BF4B-00C04F79EFBC}") = "eUseControl.Domain", "eUseControl.Domain\eUseControl.Domain.csproj", "{F621B9D1-A614-43D8-B5EC-CAB425EDE629}"
EndProject
Project("{FAE04EC0-301F-11D3-BF4B-00C04F79EFBC}") = "eUseControl.Helpers", "eUseControl.Helpers\eUseControl.Helpers.csproj", "{4DFC6D6A-8EA1-45E6-BE03-A4DF3A395F63}"
EndProject
Global
	GlobalSection(SolutionConfigurationPlatforms) = preSolution
		Debug|Any CPU = Debug|Any CPU
		Release|Any CPU = Release|Any CPU
	EndGlobalSection
	GlobalSection(ProjectConfigurationPlatforms) = postSolution
		{3E3E0CA6-595B-4284-8821-58317A7E2C82}.Debug|Any CPU.ActiveCfg = Debug|Any CPU
		{3E3E0CA6-595B-4284-8821-58317A7E2C82}.Debug|Any CPU.Build.0 = Debug|Any CPU
		{3E3E0CA6-595B-4284-8821-58317A7E2C82}.Release|Any CPU.ActiveCfg = Release|Any CPU
		{3E3E0CA6-595B-4284-8821-58317A7E2C82}.Release|Any CPU.Build.0 = Release|Any CPU
		{0B8DCD6A-AD73-4A61-A3BF-9D71A028FB25}.Debug|Any CPU.ActiveCfg = Debug|Any CPU
		{0B8DCD6A-AD73-4A61-A3BF-9D71A028FB25}.Debug|Any CPU.Build.0 = Debug|Any CPU
		{0B8DCD6A-AD73-4A61-A3BF-9D71A028FB25}.Release|Any CPU.ActiveCfg = Release|Any CPU
		{0B8DCD6A-AD73-4A61-A3BF-9D71A028FB25}.Release|Any CPU.Build.0 = Release|Any CPU
		{F621B9D1-A614-43D8-B5EC-CAB425EDE629}.Debug|Any CPU.ActiveCfg = Debug|Any CPU
		{F621B9D1-A614-43D8-B5EC-CAB425EDE629}.Debug|Any CPU.Build.0 = Debug|Any CPU
		{F621B9D1-A614-43D8-B5EC-CAB425EDE629}.Release|Any CPU.ActiveCfg = Release|Any CPU
		{F621B9D1-A614-43D8-B5EC-CAB425EDE629}.Release|Any CPU.Build.0 = Release|Any CPU
		{4DFC6D6A-8EA1-45E6-BE03-A4DF3A395F63}.Debug|Any CPU.ActiveCfg = Debug|Any CPU
		{4DFC6D6A-8EA1-45E6-BE03-A4DF3A395F63}.Debug|Any CPU.Build.0 = Debug|Any CPU
		{4DFC6D6A-8EA1-45E6-BE03-A4DF3A395F63}.Release|Any CPU.ActiveCfg = Release|Any CPU
		{4DFC6D6A-8EA1-45E6-BE03-A4DF3A395F63}.Release|Any CPU.Build.0 = Release|Any CPU
	EndGlobalSection
	GlobalSection(SolutionProperties) = preSolution
		HideSolutionNode = FALSE
	EndGlobalSection
	GlobalSection(ExtensibilityGlobals) = postSolution
		SolutionGuid = {2A0F2B97-7918-4FC0-AF48-5DF59CC655E2}
	EndGlobalSection
EndGlobal
