
Microsoft Visual Studio Solution File, Format Version 12.00
# Visual Studio Version 17
VisualStudioVersion = 17.8.34525.116
MinimumVisualStudioVersion = 10.0.40219.1
Project("{FAE04EC0-301F-11D3-BF4B-00C04F79EFBC}") = "EfitWeb1", "EfitWeb1\EfitWeb1.csproj", "{1D7954DC-2C9A-4839-BF05-6F84B597E7C2}"
EndProject
Project("{FAE04EC0-301F-11D3-BF4B-00C04F79EFBC}") = "eUseControl.BusinessLogic", "eUseControl.BusinessLogic\eUseControl.BusinessLogic.csproj", "{76506347-F24C-4FF0-B6F6-05EC02C4EA69}"
EndProject
Project("{FAE04EC0-301F-11D3-BF4B-00C04F79EFBC}") = "eUseControl.Domain", "eUseControl.Domain\eUseControl.Domain.csproj", "{BF18DF63-FA18-4B79-9E18-F5B83D8308C2}"
EndProject
Project("{FAE04EC0-301F-11D3-BF4B-00C04F79EFBC}") = "eUseControl.Helpers", "eUseControl.Helpers\eUseControl.Helpers.csproj", "{63254A7C-4121-4FD7-9949-55E11998EDC7}"
EndProject
Global
	GlobalSection(SolutionConfigurationPlatforms) = preSolution
		Debug|Any CPU = Debug|Any CPU
		Release|Any CPU = Release|Any CPU
	EndGlobalSection
	GlobalSection(ProjectConfigurationPlatforms) = postSolution
		{1D7954DC-2C9A-4839-BF05-6F84B597E7C2}.Debug|Any CPU.ActiveCfg = Debug|Any CPU
		{1D7954DC-2C9A-4839-BF05-6F84B597E7C2}.Debug|Any CPU.Build.0 = Debug|Any CPU
		{1D7954DC-2C9A-4839-BF05-6F84B597E7C2}.Release|Any CPU.ActiveCfg = Release|Any CPU
		{1D7954DC-2C9A-4839-BF05-6F84B597E7C2}.Release|Any CPU.Build.0 = Release|Any CPU
		{76506347-F24C-4FF0-B6F6-05EC02C4EA69}.Debug|Any CPU.ActiveCfg = Debug|Any CPU
		{76506347-F24C-4FF0-B6F6-05EC02C4EA69}.Debug|Any CPU.Build.0 = Debug|Any CPU
		{76506347-F24C-4FF0-B6F6-05EC02C4EA69}.Release|Any CPU.ActiveCfg = Release|Any CPU
		{76506347-F24C-4FF0-B6F6-05EC02C4EA69}.Release|Any CPU.Build.0 = Release|Any CPU
		{BF18DF63-FA18-4B79-9E18-F5B83D8308C2}.Debug|Any CPU.ActiveCfg = Debug|Any CPU
		{BF18DF63-FA18-4B79-9E18-F5B83D8308C2}.Debug|Any CPU.Build.0 = Debug|Any CPU
		{BF18DF63-FA18-4B79-9E18-F5B83D8308C2}.Release|Any CPU.ActiveCfg = Release|Any CPU
		{BF18DF63-FA18-4B79-9E18-F5B83D8308C2}.Release|Any CPU.Build.0 = Release|Any CPU
		{63254A7C-4121-4FD7-9949-55E11998EDC7}.Debug|Any CPU.ActiveCfg = Debug|Any CPU
		{63254A7C-4121-4FD7-9949-55E11998EDC7}.Debug|Any CPU.Build.0 = Debug|Any CPU
		{63254A7C-4121-4FD7-9949-55E11998EDC7}.Release|Any CPU.ActiveCfg = Release|Any CPU
		{63254A7C-4121-4FD7-9949-55E11998EDC7}.Release|Any CPU.Build.0 = Release|Any CPU
	EndGlobalSection
	GlobalSection(SolutionProperties) = preSolution
		HideSolutionNode = FALSE
	EndGlobalSection
	GlobalSection(ExtensibilityGlobals) = postSolution
		SolutionGuid = {58C8640C-D266-46FF-8994-36CB9B55D68D}
	EndGlobalSection
EndGlobal
